
Microsoft Visual Studio Solution File, Format Version 12.00
# Visual Studio 15
VisualStudioVersion = 15.0.26228.4
MinimumVisualStudioVersion = 10.0.40219.1
Project("{FAE04EC0-301F-11D3-BF4B-00C04F79EFBC}") = "Lab1", "Lab1\Lab1.csproj", "{B3B0E15B-CB98-429C-B97C-82A7F1D8944C}"
EndProject
Global
	GlobalSection(SolutionConfigurationPlatforms) = preSolution
		Debug|Any CPU = Debug|Any CPU
		Release|Any CPU = Release|Any CPU
	EndGlobalSection
	GlobalSection(ProjectConfigurationPlatforms) = postSolution
		{B3B0E15B-CB98-429C-B97C-82A7F1D8944C}.Debug|Any CPU.ActiveCfg = Debug|Any CPU
		{B3B0E15B-CB98-429C-B97C-82A7F1D8944C}.Debug|Any CPU.Build.0 = Debug|Any CPU
		{B3B0E15B-CB98-429C-B97C-82A7F1D8944C}.Debug|Any CPU.Deploy.0 = Debug|Any CPU
		{B3B0E15B-CB98-429C-B97C-82A7F1D8944C}.Release|Any CPU.ActiveCfg = Release|Any CPU
		{B3B0E15B-CB98-429C-B97C-82A7F1D8944C}.Release|Any CPU.Build.0 = Release|Any CPU
		{B3B0E15B-CB98-429C-B97C-82A7F1D8944C}.Release|Any CPU.Deploy.0 = Release|Any CPU
	EndGlobalSection
	GlobalSection(SolutionProperties) = preSolution
		HideSolutionNode = FALSE
	EndGlobalSection
EndGlobal
