
Microsoft Visual Studio Solution File, Format Version 12.00
# Visual Studio 15
VisualStudioVersion = 15.0.26403.3
MinimumVisualStudioVersion = 10.0.40219.1
Project("{FAE04EC0-301F-11D3-BF4B-00C04F79EFBC}") = "DAL", "DAL\DAL.csproj", "{A1F985E6-FEA1-43E4-A4BD-8CE8DE1FA2C3}"
EndProject
Project("{FAE04EC0-301F-11D3-BF4B-00C04F79EFBC}") = "SAL", "SAL\SAL.csproj", "{9169D797-D17A-478E-97CE-62A162F0DA49}"
EndProject
Project("{FAE04EC0-301F-11D3-BF4B-00C04F79EFBC}") = "BLL", "BLL\BLL.csproj", "{E1E58AF3-96C7-47BE-8F5F-D4309AA057B4}"
EndProject
Project("{FAE04EC0-301F-11D3-BF4B-00C04F79EFBC}") = "AndroidApp", "AndroidApp\AndroidApp.csproj", "{C5AA375B-49A6-4431-B2CA-0F3BFA66A20A}"
EndProject
Project("{FAE04EC0-301F-11D3-BF4B-00C04F79EFBC}") = "iOSApp", "iOSApp\iOSApp.csproj", "{7F62936E-2E1F-45B9-A58B-8BE00094A4F8}"
EndProject
Global
	GlobalSection(SolutionConfigurationPlatforms) = preSolution
		Ad-Hoc|Any CPU = Ad-Hoc|Any CPU
		Ad-Hoc|iPhone = Ad-Hoc|iPhone
		Ad-Hoc|iPhoneSimulator = Ad-Hoc|iPhoneSimulator
		AppStore|Any CPU = AppStore|Any CPU
		AppStore|iPhone = AppStore|iPhone
		AppStore|iPhoneSimulator = AppStore|iPhoneSimulator
		Debug|Any CPU = Debug|Any CPU
		Debug|iPhone = Debug|iPhone
		Debug|iPhoneSimulator = Debug|iPhoneSimulator
		Release|Any CPU = Release|Any CPU
		Release|iPhone = Release|iPhone
		Release|iPhoneSimulator = Release|iPhoneSimulator
	EndGlobalSection
	GlobalSection(ProjectConfigurationPlatforms) = postSolution
		{A1F985E6-FEA1-43E4-A4BD-8CE8DE1FA2C3}.Ad-Hoc|Any CPU.ActiveCfg = Debug|Any CPU
		{A1F985E6-FEA1-43E4-A4BD-8CE8DE1FA2C3}.Ad-Hoc|Any CPU.Build.0 = Debug|Any CPU
		{A1F985E6-FEA1-43E4-A4BD-8CE8DE1FA2C3}.Ad-Hoc|iPhone.ActiveCfg = Debug|Any CPU
		{A1F985E6-FEA1-43E4-A4BD-8CE8DE1FA2C3}.Ad-Hoc|iPhone.Build.0 = Debug|Any CPU
		{A1F985E6-FEA1-43E4-A4BD-8CE8DE1FA2C3}.Ad-Hoc|iPhoneSimulator.ActiveCfg = Debug|Any CPU
		{A1F985E6-FEA1-43E4-A4BD-8CE8DE1FA2C3}.Ad-Hoc|iPhoneSimulator.Build.0 = Debug|Any CPU
		{A1F985E6-FEA1-43E4-A4BD-8CE8DE1FA2C3}.AppStore|Any CPU.ActiveCfg = Debug|Any CPU
		{A1F985E6-FEA1-43E4-A4BD-8CE8DE1FA2C3}.AppStore|Any CPU.Build.0 = Debug|Any CPU
		{A1F985E6-FEA1-43E4-A4BD-8CE8DE1FA2C3}.AppStore|iPhone.ActiveCfg = Debug|Any CPU
		{A1F985E6-FEA1-43E4-A4BD-8CE8DE1FA2C3}.AppStore|iPhone.Build.0 = Debug|Any CPU
		{A1F985E6-FEA1-43E4-A4BD-8CE8DE1FA2C3}.AppStore|iPhoneSimulator.ActiveCfg = Debug|Any CPU
		{A1F985E6-FEA1-43E4-A4BD-8CE8DE1FA2C3}.AppStore|iPhoneSimulator.Build.0 = Debug|Any CPU
		{A1F985E6-FEA1-43E4-A4BD-8CE8DE1FA2C3}.Debug|Any CPU.ActiveCfg = Debug|Any CPU
		{A1F985E6-FEA1-43E4-A4BD-8CE8DE1FA2C3}.Debug|Any CPU.Build.0 = Debug|Any CPU
		{A1F985E6-FEA1-43E4-A4BD-8CE8DE1FA2C3}.Debug|iPhone.ActiveCfg = Debug|Any CPU
		{A1F985E6-FEA1-43E4-A4BD-8CE8DE1FA2C3}.Debug|iPhone.Build.0 = Debug|Any CPU
		{A1F985E6-FEA1-43E4-A4BD-8CE8DE1FA2C3}.Debug|iPhoneSimulator.ActiveCfg = Debug|Any CPU
		{A1F985E6-FEA1-43E4-A4BD-8CE8DE1FA2C3}.Debug|iPhoneSimulator.Build.0 = Debug|Any CPU
		{A1F985E6-FEA1-43E4-A4BD-8CE8DE1FA2C3}.Release|Any CPU.ActiveCfg = Release|Any CPU
		{A1F985E6-FEA1-43E4-A4BD-8CE8DE1FA2C3}.Release|Any CPU.Build.0 = Release|Any CPU
		{A1F985E6-FEA1-43E4-A4BD-8CE8DE1FA2C3}.Release|iPhone.ActiveCfg = Release|Any CPU
		{A1F985E6-FEA1-43E4-A4BD-8CE8DE1FA2C3}.Release|iPhone.Build.0 = Release|Any CPU
		{A1F985E6-FEA1-43E4-A4BD-8CE8DE1FA2C3}.Release|iPhoneSimulator.ActiveCfg = Release|Any CPU
		{A1F985E6-FEA1-43E4-A4BD-8CE8DE1FA2C3}.Release|iPhoneSimulator.Build.0 = Release|Any CPU
		{9169D797-D17A-478E-97CE-62A162F0DA49}.Ad-Hoc|Any CPU.ActiveCfg = Debug|Any CPU
		{9169D797-D17A-478E-97CE-62A162F0DA49}.Ad-Hoc|Any CPU.Build.0 = Debug|Any CPU
		{9169D797-D17A-478E-97CE-62A162F0DA49}.Ad-Hoc|iPhone.ActiveCfg = Debug|Any CPU
		{9169D797-D17A-478E-97CE-62A162F0DA49}.Ad-Hoc|iPhone.Build.0 = Debug|Any CPU
		{9169D797-D17A-478E-97CE-62A162F0DA49}.Ad-Hoc|iPhoneSimulator.ActiveCfg = Debug|Any CPU
		{9169D797-D17A-478E-97CE-62A162F0DA49}.Ad-Hoc|iPhoneSimulator.Build.0 = Debug|Any CPU
		{9169D797-D17A-478E-97CE-62A162F0DA49}.AppStore|Any CPU.ActiveCfg = Debug|Any CPU
		{9169D797-D17A-478E-97CE-62A162F0DA49}.AppStore|Any CPU.Build.0 = Debug|Any CPU
		{9169D797-D17A-478E-97CE-62A162F0DA49}.AppStore|iPhone.ActiveCfg = Debug|Any CPU
		{9169D797-D17A-478E-97CE-62A162F0DA49}.AppStore|iPhone.Build.0 = Debug|Any CPU
		{9169D797-D17A-478E-97CE-62A162F0DA49}.AppStore|iPhoneSimulator.ActiveCfg = Debug|Any CPU
		{9169D797-D17A-478E-97CE-62A162F0DA49}.AppStore|iPhoneSimulator.Build.0 = Debug|Any CPU
		{9169D797-D17A-478E-97CE-62A162F0DA49}.Debug|Any CPU.ActiveCfg = Debug|Any CPU
		{9169D797-D17A-478E-97CE-62A162F0DA49}.Debug|Any CPU.Build.0 = Debug|Any CPU
		{9169D797-D17A-478E-97CE-62A162F0DA49}.Debug|iPhone.ActiveCfg = Debug|Any CPU
		{9169D797-D17A-478E-97CE-62A162F0DA49}.Debug|iPhone.Build.0 = Debug|Any CPU
		{9169D797-D17A-478E-97CE-62A162F0DA49}.Debug|iPhoneSimulator.ActiveCfg = Debug|Any CPU
		{9169D797-D17A-478E-97CE-62A162F0DA49}.Debug|iPhoneSimulator.Build.0 = Debug|Any CPU
		{9169D797-D17A-478E-97CE-62A162F0DA49}.Release|Any CPU.ActiveCfg = Release|Any CPU
		{9169D797-D17A-478E-97CE-62A162F0DA49}.Release|Any CPU.Build.0 = Release|Any CPU
		{9169D797-D17A-478E-97CE-62A162F0DA49}.Release|iPhone.ActiveCfg = Release|Any CPU
		{9169D797-D17A-478E-97CE-62A162F0DA49}.Release|iPhone.Build.0 = Release|Any CPU
		{9169D797-D17A-478E-97CE-62A162F0DA49}.Release|iPhoneSimulator.ActiveCfg = Release|Any CPU
		{9169D797-D17A-478E-97CE-62A162F0DA49}.Release|iPhoneSimulator.Build.0 = Release|Any CPU
		{E1E58AF3-96C7-47BE-8F5F-D4309AA057B4}.Ad-Hoc|Any CPU.ActiveCfg = Debug|Any CPU
		{E1E58AF3-96C7-47BE-8F5F-D4309AA057B4}.Ad-Hoc|Any CPU.Build.0 = Debug|Any CPU
		{E1E58AF3-96C7-47BE-8F5F-D4309AA057B4}.Ad-Hoc|iPhone.ActiveCfg = Debug|Any CPU
		{E1E58AF3-96C7-47BE-8F5F-D4309AA057B4}.Ad-Hoc|iPhone.Build.0 = Debug|Any CPU
		{E1E58AF3-96C7-47BE-8F5F-D4309AA057B4}.Ad-Hoc|iPhoneSimulator.ActiveCfg = Debug|Any CPU
		{E1E58AF3-96C7-47BE-8F5F-D4309AA057B4}.Ad-Hoc|iPhoneSimulator.Build.0 = Debug|Any CPU
		{E1E58AF3-96C7-47BE-8F5F-D4309AA057B4}.AppStore|Any CPU.ActiveCfg = Debug|Any CPU
		{E1E58AF3-96C7-47BE-8F5F-D4309AA057B4}.AppStore|Any CPU.Build.0 = Debug|Any CPU
		{E1E58AF3-96C7-47BE-8F5F-D4309AA057B4}.AppStore|iPhone.ActiveCfg = Debug|Any CPU
		{E1E58AF3-96C7-47BE-8F5F-D4309AA057B4}.AppStore|iPhone.Build.0 = Debug|Any CPU
		{E1E58AF3-96C7-47BE-8F5F-D4309AA057B4}.AppStore|iPhoneSimulator.ActiveCfg = Debug|Any CPU
		{E1E58AF3-96C7-47BE-8F5F-D4309AA057B4}.AppStore|iPhoneSimulator.Build.0 = Debug|Any CPU
		{E1E58AF3-96C7-47BE-8F5F-D4309AA057B4}.Debug|Any CPU.ActiveCfg = Debug|Any CPU
		{E1E58AF3-96C7-47BE-8F5F-D4309AA057B4}.Debug|Any CPU.Build.0 = Debug|Any CPU
		{E1E58AF3-96C7-47BE-8F5F-D4309AA057B4}.Debug|iPhone.ActiveCfg = Debug|Any CPU
		{E1E58AF3-96C7-47BE-8F5F-D4309AA057B4}.Debug|iPhone.Build.0 = Debug|Any CPU
		{E1E58AF3-96C7-47BE-8F5F-D4309AA057B4}.Debug|iPhoneSimulator.ActiveCfg = Debug|Any CPU
		{E1E58AF3-96C7-47BE-8F5F-D4309AA057B4}.Debug|iPhoneSimulator.Build.0 = Debug|Any CPU
		{E1E58AF3-96C7-47BE-8F5F-D4309AA057B4}.Release|Any CPU.ActiveCfg = Release|Any CPU
		{E1E58AF3-96C7-47BE-8F5F-D4309AA057B4}.Release|Any CPU.Build.0 = Release|Any CPU
		{E1E58AF3-96C7-47BE-8F5F-D4309AA057B4}.Release|iPhone.ActiveCfg = Release|Any CPU
		{E1E58AF3-96C7-47BE-8F5F-D4309AA057B4}.Release|iPhone.Build.0 = Release|Any CPU
		{E1E58AF3-96C7-47BE-8F5F-D4309AA057B4}.Release|iPhoneSimulator.ActiveCfg = Release|Any CPU
		{E1E58AF3-96C7-47BE-8F5F-D4309AA057B4}.Release|iPhoneSimulator.Build.0 = Release|Any CPU
		{C5AA375B-49A6-4431-B2CA-0F3BFA66A20A}.Ad-Hoc|Any CPU.ActiveCfg = Release|Any CPU
		{C5AA375B-49A6-4431-B2CA-0F3BFA66A20A}.Ad-Hoc|Any CPU.Build.0 = Release|Any CPU
		{C5AA375B-49A6-4431-B2CA-0F3BFA66A20A}.Ad-Hoc|Any CPU.Deploy.0 = Release|Any CPU
		{C5AA375B-49A6-4431-B2CA-0F3BFA66A20A}.Ad-Hoc|iPhone.ActiveCfg = Release|Any CPU
		{C5AA375B-49A6-4431-B2CA-0F3BFA66A20A}.Ad-Hoc|iPhone.Build.0 = Release|Any CPU
		{C5AA375B-49A6-4431-B2CA-0F3BFA66A20A}.Ad-Hoc|iPhone.Deploy.0 = Release|Any CPU
		{C5AA375B-49A6-4431-B2CA-0F3BFA66A20A}.Ad-Hoc|iPhoneSimulator.ActiveCfg = Release|Any CPU
		{C5AA375B-49A6-4431-B2CA-0F3BFA66A20A}.Ad-Hoc|iPhoneSimulator.Build.0 = Release|Any CPU
		{C5AA375B-49A6-4431-B2CA-0F3BFA66A20A}.Ad-Hoc|iPhoneSimulator.Deploy.0 = Release|Any CPU
		{C5AA375B-49A6-4431-B2CA-0F3BFA66A20A}.AppStore|Any CPU.ActiveCfg = Release|Any CPU
		{C5AA375B-49A6-4431-B2CA-0F3BFA66A20A}.AppStore|Any CPU.Build.0 = Release|Any CPU
		{C5AA375B-49A6-4431-B2CA-0F3BFA66A20A}.AppStore|Any CPU.Deploy.0 = Release|Any CPU
		{C5AA375B-49A6-4431-B2CA-0F3BFA66A20A}.AppStore|iPhone.ActiveCfg = Release|Any CPU
		{C5AA375B-49A6-4431-B2CA-0F3BFA66A20A}.AppStore|iPhone.Build.0 = Release|Any CPU
		{C5AA375B-49A6-4431-B2CA-0F3BFA66A20A}.AppStore|iPhone.Deploy.0 = Release|Any CPU
		{C5AA375B-49A6-4431-B2CA-0F3BFA66A20A}.AppStore|iPhoneSimulator.ActiveCfg = Release|Any CPU
		{C5AA375B-49A6-4431-B2CA-0F3BFA66A20A}.AppStore|iPhoneSimulator.Build.0 = Release|Any CPU
		{C5AA375B-49A6-4431-B2CA-0F3BFA66A20A}.AppStore|iPhoneSimulator.Deploy.0 = Release|Any CPU
		{C5AA375B-49A6-4431-B2CA-0F3BFA66A20A}.Debug|Any CPU.ActiveCfg = Debug|Any CPU
		{C5AA375B-49A6-4431-B2CA-0F3BFA66A20A}.Debug|Any CPU.Build.0 = Debug|Any CPU
		{C5AA375B-49A6-4431-B2CA-0F3BFA66A20A}.Debug|Any CPU.Deploy.0 = Debug|Any CPU
		{C5AA375B-49A6-4431-B2CA-0F3BFA66A20A}.Debug|iPhone.ActiveCfg = Debug|Any CPU
		{C5AA375B-49A6-4431-B2CA-0F3BFA66A20A}.Debug|iPhone.Build.0 = Debug|Any CPU
		{C5AA375B-49A6-4431-B2CA-0F3BFA66A20A}.Debug|iPhone.Deploy.0 = Debug|Any CPU
		{C5AA375B-49A6-4431-B2CA-0F3BFA66A20A}.Debug|iPhoneSimulator.ActiveCfg = Debug|Any CPU
		{C5AA375B-49A6-4431-B2CA-0F3BFA66A20A}.Debug|iPhoneSimulator.Build.0 = Debug|Any CPU
		{C5AA375B-49A6-4431-B2CA-0F3BFA66A20A}.Debug|iPhoneSimulator.Deploy.0 = Debug|Any CPU
		{C5AA375B-49A6-4431-B2CA-0F3BFA66A20A}.Release|Any CPU.ActiveCfg = Release|Any CPU
		{C5AA375B-49A6-4431-B2CA-0F3BFA66A20A}.Release|Any CPU.Build.0 = Release|Any CPU
		{C5AA375B-49A6-4431-B2CA-0F3BFA66A20A}.Release|Any CPU.Deploy.0 = Release|Any CPU
		{C5AA375B-49A6-4431-B2CA-0F3BFA66A20A}.Release|iPhone.ActiveCfg = Release|Any CPU
		{C5AA375B-49A6-4431-B2CA-0F3BFA66A20A}.Release|iPhone.Build.0 = Release|Any CPU
		{C5AA375B-49A6-4431-B2CA-0F3BFA66A20A}.Release|iPhone.Deploy.0 = Release|Any CPU
		{C5AA375B-49A6-4431-B2CA-0F3BFA66A20A}.Release|iPhoneSimulator.ActiveCfg = Release|Any CPU
		{C5AA375B-49A6-4431-B2CA-0F3BFA66A20A}.Release|iPhoneSimulator.Build.0 = Release|Any CPU
		{C5AA375B-49A6-4431-B2CA-0F3BFA66A20A}.Release|iPhoneSimulator.Deploy.0 = Release|Any CPU
		{7F62936E-2E1F-45B9-A58B-8BE00094A4F8}.Ad-Hoc|Any CPU.ActiveCfg = Ad-Hoc|iPhone
		{7F62936E-2E1F-45B9-A58B-8BE00094A4F8}.Ad-Hoc|iPhone.ActiveCfg = Ad-Hoc|iPhone
		{7F62936E-2E1F-45B9-A58B-8BE00094A4F8}.Ad-Hoc|iPhone.Build.0 = Ad-Hoc|iPhone
		{7F62936E-2E1F-45B9-A58B-8BE00094A4F8}.Ad-Hoc|iPhoneSimulator.ActiveCfg = Ad-Hoc|iPhoneSimulator
		{7F62936E-2E1F-45B9-A58B-8BE00094A4F8}.Ad-Hoc|iPhoneSimulator.Build.0 = Ad-Hoc|iPhoneSimulator
		{7F62936E-2E1F-45B9-A58B-8BE00094A4F8}.AppStore|Any CPU.ActiveCfg = AppStore|iPhone
		{7F62936E-2E1F-45B9-A58B-8BE00094A4F8}.AppStore|iPhone.ActiveCfg = AppStore|iPhone
		{7F62936E-2E1F-45B9-A58B-8BE00094A4F8}.AppStore|iPhone.Build.0 = AppStore|iPhone
		{7F62936E-2E1F-45B9-A58B-8BE00094A4F8}.AppStore|iPhoneSimulator.ActiveCfg = AppStore|iPhoneSimulator
		{7F62936E-2E1F-45B9-A58B-8BE00094A4F8}.AppStore|iPhoneSimulator.Build.0 = AppStore|iPhoneSimulator
		{7F62936E-2E1F-45B9-A58B-8BE00094A4F8}.Debug|Any CPU.ActiveCfg = Debug|iPhone
		{7F62936E-2E1F-45B9-A58B-8BE00094A4F8}.Debug|iPhone.ActiveCfg = Debug|iPhone
		{7F62936E-2E1F-45B9-A58B-8BE00094A4F8}.Debug|iPhone.Build.0 = Debug|iPhone
		{7F62936E-2E1F-45B9-A58B-8BE00094A4F8}.Debug|iPhoneSimulator.ActiveCfg = Debug|iPhoneSimulator
		{7F62936E-2E1F-45B9-A58B-8BE00094A4F8}.Debug|iPhoneSimulator.Build.0 = Debug|iPhoneSimulator
		{7F62936E-2E1F-45B9-A58B-8BE00094A4F8}.Release|Any CPU.ActiveCfg = Release|iPhone
		{7F62936E-2E1F-45B9-A58B-8BE00094A4F8}.Release|iPhone.ActiveCfg = Release|iPhone
		{7F62936E-2E1F-45B9-A58B-8BE00094A4F8}.Release|iPhone.Build.0 = Release|iPhone
		{7F62936E-2E1F-45B9-A58B-8BE00094A4F8}.Release|iPhoneSimulator.ActiveCfg = Release|iPhoneSimulator
		{7F62936E-2E1F-45B9-A58B-8BE00094A4F8}.Release|iPhoneSimulator.Build.0 = Release|iPhoneSimulator
	EndGlobalSection
	GlobalSection(SolutionProperties) = preSolution
		HideSolutionNode = FALSE
	EndGlobalSection
EndGlobal
